Microsoft Visual Studio Solution File, Format Version 12.00
# Visual Studio Version 17
VisualStudioVersion = 17.0.31710.8
MinimumVisualStudioVersion = 10.0.40219.1
Project("{9A19103F-16F7-4668-BE54-9A1E7A4F7556}") = "HeadlessShop.Web", "src\HeadlessShop.Web\HeadlessShop.Web.csproj", "{3FDECF9D-5BCC-4246-878F-9BEB7166262D}"
EndProject
Global
	GlobalSection(SolutionConfigurationPlatforms) = preSolution
		Debug|Any CPU = Debug|Any CPU
		Release|Any CPU = Release|Any CPU
	EndGlobalSection
	GlobalSection(ProjectConfigurationPlatforms) = postSolution
		{3FDECF9D-5BCC-4246-878F-9BEB7166262D}.Debug|Any CPU.ActiveCfg = Debug|Any CPU
		{3FDECF9D-5BCC-4246-878F-9BEB7166262D}.Debug|Any CPU.Build.0 = Debug|Any CPU
		{3FDECF9D-5BCC-4246-878F-9BEB7166262D}.Release|Any CPU.ActiveCfg = Release|Any CPU
		{3FDECF9D-5BCC-4246-878F-9BEB7166262D}.Release|Any CPU.Build.0 = Release|Any CPU
	EndGlobalSection
	GlobalSection(SolutionProperties) = preSolution
		HideSolutionNode = FALSE
	EndGlobalSection
	GlobalSection(ExtensibilityGlobals) = postSolution
		SolutionGuid = {46A1D25A-78D1-4476-9CBF-25B75E296341}
	EndGlobalSection
	GlobalSection(Performance) = preSolution
		HasPerformanceSessions = true
	EndGlobalSection
EndGlobal
